
Microsoft Visual Studio Solution File, Format Version 12.00
# Visual Studio 15
VisualStudioVersion = 15.0.27004.2002
MinimumVisualStudioVersion = 10.0.40219.1
Project("{FAE04EC0-301F-11D3-BF4B-00C04F79EFBC}") = "OneModel.Enumerables", "OneModel.Enumerables\OneModel.Enumerables.csproj", "{B510B0B9-B59E-4FC7-8552-71BD6C450468}"
EndProject
Project("{FAE04EC0-301F-11D3-BF4B-00C04F79EFBC}") = "OneModel.Enumerables.Tests", "OneModel.Enumerables.Tests\OneModel.Enumerables.Tests.csproj", "{76F5E28D-91BE-4680-AC25-13264A0AED27}"
EndProject
Project("{2150E333-8FDC-42A3-9474-1A3956D46DE8}") = "Solution Items", "Solution Items", "{1B4E0FDC-A134-43A3-B741-F76E22B07D6D}"
	ProjectSection(SolutionItems) = preProject
		appveyor.yml = appveyor.yml
	EndProjectSection
EndProject
Global
	GlobalSection(SolutionConfigurationPlatforms) = preSolution
		Debug|Any CPU = Debug|Any CPU
		Release|Any CPU = Release|Any CPU
	EndGlobalSection
	GlobalSection(ProjectConfigurationPlatforms) = postSolution
		{B510B0B9-B59E-4FC7-8552-71BD6C450468}.Debug|Any CPU.ActiveCfg = Debug|Any CPU
		{B510B0B9-B59E-4FC7-8552-71BD6C450468}.Debug|Any CPU.Build.0 = Debug|Any CPU
		{B510B0B9-B59E-4FC7-8552-71BD6C450468}.Release|Any CPU.ActiveCfg = Release|Any CPU
		{B510B0B9-B59E-4FC7-8552-71BD6C450468}.Release|Any CPU.Build.0 = Release|Any CPU
		{76F5E28D-91BE-4680-AC25-13264A0AED27}.Debug|Any CPU.ActiveCfg = Debug|Any CPU
		{76F5E28D-91BE-4680-AC25-13264A0AED27}.Debug|Any CPU.Build.0 = Debug|Any CPU
		{76F5E28D-91BE-4680-AC25-13264A0AED27}.Release|Any CPU.ActiveCfg = Release|Any CPU
		{76F5E28D-91BE-4680-AC25-13264A0AED27}.Release|Any CPU.Build.0 = Release|Any CPU
	EndGlobalSection
	GlobalSection(SolutionProperties) = preSolution
		HideSolutionNode = FALSE
	EndGlobalSection
	GlobalSection(ExtensibilityGlobals) = postSolution
		SolutionGuid = {F5BF8DF8-DE9D-400E-BE2C-2D43E9785E76}
	EndGlobalSection
EndGlobal
